
Microsoft Visual Studio Solution File, Format Version 12.00
# Visual Studio Version 17
VisualStudioVersion = 17.5.33424.131
MinimumVisualStudioVersion = 10.0.40219.1
Project("{FAE04EC0-301F-11D3-BF4B-00C04F79EFBC}") = "Iterating through permutations", "ConsoleApp1\Iterating through permutations.csproj", "{D3F5F380-D52C-43DF-81C6-84DB9641D4F6}"
EndProject
Global
	GlobalSection(SolutionConfigurationPlatforms) = preSolution
		Debug|Any CPU = Debug|Any CPU
		Release|Any CPU = Release|Any CPU
	EndGlobalSection
	GlobalSection(ProjectConfigurationPlatforms) = postSolution
		{D3F5F380-D52C-43DF-81C6-84DB9641D4F6}.Debug|Any CPU.ActiveCfg = Debug|Any CPU
		{D3F5F380-D52C-43DF-81C6-84DB9641D4F6}.Debug|Any CPU.Build.0 = Debug|Any CPU
		{D3F5F380-D52C-43DF-81C6-84DB9641D4F6}.Release|Any CPU.ActiveCfg = Release|Any CPU
		{D3F5F380-D52C-43DF-81C6-84DB9641D4F6}.Release|Any CPU.Build.0 = Release|Any CPU
	EndGlobalSection
	GlobalSection(SolutionProperties) = preSolution
		HideSolutionNode = FALSE
	EndGlobalSection
	GlobalSection(ExtensibilityGlobals) = postSolution
		SolutionGuid = {1524280C-78C9-4D9E-9F33-CC213F66ECFC}
	EndGlobalSection
EndGlobal
